{
  "name": "mojiscript-cli",
  "version": "0.0.1",
  "lockfileVersion": 1,
  "requires": true,
  "dependencies": {
    "mojiscript": {
      "version": "0.10.1",
      "resolved": "https://registry.npmjs.org/mojiscript/-/mojiscript-0.10.1.tgz",
      "integrity": "sha512-3xMSTerADCE5LkQpXM0yFzzYl+oAZLkt4Zpz+RNJm64uL7GQfcYnYQYKqqkJV1GrjcBKWg/40JzqWSrWBytHZQ=="
    }
  }
}
